
Microsoft Visual Studio Solution File, Format Version 12.00
Project("{FAE04EC0-301F-11D3-BF4B-00C04F79EFBC}") = "Api", "Api\Api.csproj", "{029B6A7C-10ED-4660-99CE-48CC6279B24A}"
EndProject
Project("{FAE04EC0-301F-11D3-BF4B-00C04F79EFBC}") = "GenerateTokens", "GenerateTokens\GenerateTokens.csproj", "{E7433328-73BE-4829-ACE8-A4F47CE2631B}"
EndProject
Project("{FAE04EC0-301F-11D3-BF4B-00C04F79EFBC}") = "ConsoleClient", "ConsoleClient\ConsoleClient.csproj", "{B305E9F9-B7A3-4B40-A8EB-6C5BD809D509}"
EndProject
Project("{FAE04EC0-301F-11D3-BF4B-00C04F79EFBC}") = "Common", "Common\Common.csproj", "{BC59ED1B-AEC3-465D-9784-7D169B1DE3AE}"
EndProject
Project("{2150E333-8FDC-42A3-9474-1A3956D46DE8}") = "ClientApp", "ClientApp", "{4AE32FE5-D04E-417D-9390-ABDEB286A109}"
EndProject
Project("{FAE04EC0-301F-11D3-BF4B-00C04F79EFBC}") = "ClientApp", "ClientApp\ClientApp\ClientApp.csproj", "{37560B1C-CCFD-437D-B52E-7196DCF804AE}"
EndProject
Project("{FAE04EC0-301F-11D3-BF4B-00C04F79EFBC}") = "ClientApp.Android", "ClientApp\ClientApp.Android\ClientApp.Android.csproj", "{7331BA8E-18B8-47D8-883E-D8E4F357CC57}"
EndProject
Project("{FAE04EC0-301F-11D3-BF4B-00C04F79EFBC}") = "ClientApp.Desktop", "ClientApp\ClientApp.Desktop\ClientApp.Desktop.csproj", "{DD3B4EF2-B11F-4F1F-82D2-1AFD38B7E0D1}"
EndProject
Project("{FAE04EC0-301F-11D3-BF4B-00C04F79EFBC}") = "ClientApp.Browser", "ClientApp\ClientApp.Browser\ClientApp.Browser.csproj", "{E4588AF0-5EDB-4F93-B412-634B8A99ED39}"
EndProject
Global
	GlobalSection(SolutionConfigurationPlatforms) = preSolution
		Debug|Any CPU = Debug|Any CPU
		Release|Any CPU = Release|Any CPU
	EndGlobalSection
	GlobalSection(ProjectConfigurationPlatforms) = postSolution
		{029B6A7C-10ED-4660-99CE-48CC6279B24A}.Debug|Any CPU.ActiveCfg = Debug|Any CPU
		{029B6A7C-10ED-4660-99CE-48CC6279B24A}.Debug|Any CPU.Build.0 = Debug|Any CPU
		{029B6A7C-10ED-4660-99CE-48CC6279B24A}.Release|Any CPU.ActiveCfg = Release|Any CPU
		{029B6A7C-10ED-4660-99CE-48CC6279B24A}.Release|Any CPU.Build.0 = Release|Any CPU
		{E7433328-73BE-4829-ACE8-A4F47CE2631B}.Debug|Any CPU.ActiveCfg = Debug|Any CPU
		{E7433328-73BE-4829-ACE8-A4F47CE2631B}.Debug|Any CPU.Build.0 = Debug|Any CPU
		{E7433328-73BE-4829-ACE8-A4F47CE2631B}.Release|Any CPU.ActiveCfg = Release|Any CPU
		{E7433328-73BE-4829-ACE8-A4F47CE2631B}.Release|Any CPU.Build.0 = Release|Any CPU
		{B305E9F9-B7A3-4B40-A8EB-6C5BD809D509}.Debug|Any CPU.ActiveCfg = Debug|Any CPU
		{B305E9F9-B7A3-4B40-A8EB-6C5BD809D509}.Debug|Any CPU.Build.0 = Debug|Any CPU
		{B305E9F9-B7A3-4B40-A8EB-6C5BD809D509}.Release|Any CPU.ActiveCfg = Release|Any CPU
		{B305E9F9-B7A3-4B40-A8EB-6C5BD809D509}.Release|Any CPU.Build.0 = Release|Any CPU
		{BC59ED1B-AEC3-465D-9784-7D169B1DE3AE}.Debug|Any CPU.ActiveCfg = Debug|Any CPU
		{BC59ED1B-AEC3-465D-9784-7D169B1DE3AE}.Debug|Any CPU.Build.0 = Debug|Any CPU
		{BC59ED1B-AEC3-465D-9784-7D169B1DE3AE}.Release|Any CPU.ActiveCfg = Release|Any CPU
		{BC59ED1B-AEC3-465D-9784-7D169B1DE3AE}.Release|Any CPU.Build.0 = Release|Any CPU
		{37560B1C-CCFD-437D-B52E-7196DCF804AE}.Debug|Any CPU.ActiveCfg = Debug|Any CPU
		{37560B1C-CCFD-437D-B52E-7196DCF804AE}.Debug|Any CPU.Build.0 = Debug|Any CPU
		{37560B1C-CCFD-437D-B52E-7196DCF804AE}.Release|Any CPU.ActiveCfg = Release|Any CPU
		{37560B1C-CCFD-437D-B52E-7196DCF804AE}.Release|Any CPU.Build.0 = Release|Any CPU
		{7331BA8E-18B8-47D8-883E-D8E4F357CC57}.Debug|Any CPU.ActiveCfg = Debug|Any CPU
		{7331BA8E-18B8-47D8-883E-D8E4F357CC57}.Debug|Any CPU.Build.0 = Debug|Any CPU
		{7331BA8E-18B8-47D8-883E-D8E4F357CC57}.Release|Any CPU.ActiveCfg = Release|Any CPU
		{7331BA8E-18B8-47D8-883E-D8E4F357CC57}.Release|Any CPU.Build.0 = Release|Any CPU
		{DD3B4EF2-B11F-4F1F-82D2-1AFD38B7E0D1}.Debug|Any CPU.ActiveCfg = Debug|Any CPU
		{DD3B4EF2-B11F-4F1F-82D2-1AFD38B7E0D1}.Debug|Any CPU.Build.0 = Debug|Any CPU
		{DD3B4EF2-B11F-4F1F-82D2-1AFD38B7E0D1}.Release|Any CPU.ActiveCfg = Release|Any CPU
		{DD3B4EF2-B11F-4F1F-82D2-1AFD38B7E0D1}.Release|Any CPU.Build.0 = Release|Any CPU
		{E4588AF0-5EDB-4F93-B412-634B8A99ED39}.Debug|Any CPU.ActiveCfg = Debug|Any CPU
		{E4588AF0-5EDB-4F93-B412-634B8A99ED39}.Debug|Any CPU.Build.0 = Debug|Any CPU
		{E4588AF0-5EDB-4F93-B412-634B8A99ED39}.Release|Any CPU.ActiveCfg = Release|Any CPU
		{E4588AF0-5EDB-4F93-B412-634B8A99ED39}.Release|Any CPU.Build.0 = Release|Any CPU
	EndGlobalSection
	GlobalSection(NestedProjects) = preSolution
		{37560B1C-CCFD-437D-B52E-7196DCF804AE} = {4AE32FE5-D04E-417D-9390-ABDEB286A109}
		{7331BA8E-18B8-47D8-883E-D8E4F357CC57} = {4AE32FE5-D04E-417D-9390-ABDEB286A109}
		{DD3B4EF2-B11F-4F1F-82D2-1AFD38B7E0D1} = {4AE32FE5-D04E-417D-9390-ABDEB286A109}
		{E4588AF0-5EDB-4F93-B412-634B8A99ED39} = {4AE32FE5-D04E-417D-9390-ABDEB286A109}
	EndGlobalSection
EndGlobal
